
Microsoft Visual Studio Solution File, Format Version 12.00
# Visual Studio Version 16
VisualStudioVersion = 16.0.29709.97
MinimumVisualStudioVersion = 10.0.40219.1
Project("{FAE04EC0-301F-11D3-BF4B-00C04F79EFBC}") = "SLPharmacyLocatorAPI", "SLPharmacyLocatorAPI\SLPharmacyLocatorAPI.csproj", "{12AA6BEE-F604-49B1-8F2E-090A195C955A}"
EndProject
Global
	GlobalSection(SolutionConfigurationPlatforms) = preSolution
		Debug|Any CPU = Debug|Any CPU
		Release|Any CPU = Release|Any CPU
	EndGlobalSection
	GlobalSection(ProjectConfigurationPlatforms) = postSolution
		{12AA6BEE-F604-49B1-8F2E-090A195C955A}.Debug|Any CPU.ActiveCfg = Debug|Any CPU
		{12AA6BEE-F604-49B1-8F2E-090A195C955A}.Debug|Any CPU.Build.0 = Debug|Any CPU
		{12AA6BEE-F604-49B1-8F2E-090A195C955A}.Release|Any CPU.ActiveCfg = Release|Any CPU
		{12AA6BEE-F604-49B1-8F2E-090A195C955A}.Release|Any CPU.Build.0 = Release|Any CPU
	EndGlobalSection
	GlobalSection(SolutionProperties) = preSolution
		HideSolutionNode = FALSE
	EndGlobalSection
	GlobalSection(ExtensibilityGlobals) = postSolution
		SolutionGuid = {12E14B73-EF44-4B94-90D8-8FDB128A44D9}
	EndGlobalSection
EndGlobal
